
Microsoft Visual Studio Solution File, Format Version 12.00
# Visual Studio Version 17
VisualStudioVersion = 17.0.32014.148
MinimumVisualStudioVersion = 10.0.40219.1
Project("{FAE04EC0-301F-11D3-BF4B-00C04F79EFBC}") = "my-books", "my-books\my-books.csproj", "{07279562-F8EE-463D-908F-F8D66193EC25}"
EndProject
Global
	GlobalSection(SolutionConfigurationPlatforms) = preSolution
		Debug|Any CPU = Debug|Any CPU
		Release|Any CPU = Release|Any CPU
	EndGlobalSection
	GlobalSection(ProjectConfigurationPlatforms) = postSolution
		{07279562-F8EE-463D-908F-F8D66193EC25}.Debug|Any CPU.ActiveCfg = Debug|Any CPU
		{07279562-F8EE-463D-908F-F8D66193EC25}.Debug|Any CPU.Build.0 = Debug|Any CPU
		{07279562-F8EE-463D-908F-F8D66193EC25}.Release|Any CPU.ActiveCfg = Release|Any CPU
		{07279562-F8EE-463D-908F-F8D66193EC25}.Release|Any CPU.Build.0 = Release|Any CPU
	EndGlobalSection
	GlobalSection(SolutionProperties) = preSolution
		HideSolutionNode = FALSE
	EndGlobalSection
	GlobalSection(ExtensibilityGlobals) = postSolution
		SolutionGuid = {DB9A1147-7C67-4063-A281-B61C59E6A65F}
	EndGlobalSection
EndGlobal
